// !$*UTF8*$!
{
	archiveVersion = 1;
	classes = {
	};
	objectVersion = 50;
	objects = {

/* Begin PBXBuildFile section */
		A773194925EEB7C100525B31 /* AppDelegate.swift in Sources */ = {isa = PBXBuildFile; fileRef = A773194825EEB7C100525B31 /* AppDelegate.swift */; };
		A773194B25EEB7C100525B31 /* SceneDelegate.swift in Sources */ = {isa = PBXBuildFile; fileRef = A773194A25EEB7C100525B31 /* SceneDelegate.swift */; };
		A773194D25EEB7C100525B31 /* ViewController.swift in Sources */ = {isa = PBXBuildFile; fileRef = A773194C25EEB7C100525B31 /* ViewController.swift */; };
		A773195025EEB7C100525B31 /* Main.storyboard in Resources */ = {isa = PBXBuildFile; fileRef = A773194E25EEB7C100525B31 /* Main.storyboard */; };
		A773195325EEB7C100525B31 /* ItunesCaseStudy.xcdatamodeld in Sources */ = {isa = PBXBuildFile; fileRef = A773195125EEB7C100525B31 /* ItunesCaseStudy.xcdatamodeld */; };
		A773195525EEB7C200525B31 /* Assets.xcassets in Resources */ = {isa = PBXBuildFile; fileRef = A773195425EEB7C200525B31 /* Assets.xcassets */; };
		A773195825EEB7C200525B31 /* LaunchScreen.storyboard in Resources */ = {isa = PBXBuildFile; fileRef = A773195625EEB7C200525B31 /* LaunchScreen.storyboard */; };
		A773196325EEB7C200525B31 /* ItunesCaseStudyTests.swift in Sources */ = {isa = PBXBuildFile; fileRef = A773196225EEB7C200525B31 /* ItunesCaseStudyTests.swift */; };
		A773196E25EEB7C200525B31 /* ItunesCaseStudyUITests.swift in Sources */ = {isa = PBXBuildFile; fileRef = A773196D25EEB7C200525B31 /* ItunesCaseStudyUITests.swift */; };
/* End PBXBuildFile section */

/* Begin PBXContainerItemProxy section */
		A773195F25EEB7C200525B31 /* PBXContainerItemProxy */ = {
			isa = PBXContainerItemProxy;
			containerPortal = A773193D25EEB7C100525B31 /* Project object */;
			proxyType = 1;
			remoteGlobalIDString = A773194425EEB7C100525B31;
			remoteInfo = ItunesCaseStudy;
		};
		A773196A25EEB7C200525B31 /* PBXContainerItemProxy */ = {
			isa = PBXContainerItemProxy;
			containerPortal = A773193D25EEB7C100525B31 /* Project object */;
			proxyType = 1;
			remoteGlobalIDString = A773194425EEB7C100525B31;
			remoteInfo = ItunesCaseStudy;
		};
/* End PBXContainerItemProxy section */

/* Begin PBXFileReference section */
		A773194525EEB7C100525B31 /* ItunesCaseStudy.app */ = {isa = PBXFileReference; explicitFileType = wrapper.application; includeInIndex = 0; path = ItunesCaseStudy.app; sourceTree = BUILT_PRODUCTS_DIR; };
		A773194825EEB7C100525B31 /* AppDelegate.swift */ = {isa = PBXFileReference; lastKnownFileType = sourcecode.swift; path = AppDelegate.swift; sourceTree = "<group>"; };
		A773194A25EEB7C100525B31 /* SceneDelegate.swift */ = {isa = PBXFileReference; lastKnownFileType = sourcecode.swift; path = SceneDelegate.swift; sourceTree = "<group>"; };
		A773194C25EEB7C100525B31 /* ViewController.swift */ = {isa = PBXFileReference; lastKnownFileType = sourcecode.swift; path = ViewController.swift; sourceTree = "<group>"; };
		A773194F25EEB7C100525B31 /* Base */ = {isa = PBXFileReference; lastKnownFileType = file.storyboard; name = Base; path = Base.lproj/Main.storyboard; sourceTree = "<group>"; };
		A773195225EEB7C100525B31 /* ItunesCaseStudy.xcdatamodel */ = {isa = PBXFileReference; lastKnownFileType = wrapper.xcdatamodel; path = ItunesCaseStudy.xcdatamodel; sourceTree = "<group>"; };
		A773195425EEB7C200525B31 /* Assets.xcassets */ = {isa = PBXFileReference; lastKnownFileType = folder.assetcatalog; path = Assets.xcassets; sourceTree = "<group>"; };
		A773195725EEB7C200525B31 /* Base */ = {isa = PBXFileReference; lastKnownFileType = file.storyboard; name = Base; path = Base.lproj/LaunchScreen.storyboard; sourceTree = "<group>"; };
		A773195925EEB7C200525B31 /* Info.plist */ = {isa = PBXFileReference; lastKnownFileType = text.plist.xml; path = Info.plist; sourceTree = "<group>"; };
		A773195E25EEB7C200525B31 /* ItunesCaseStudyTests.xctest */ = {isa = PBXFileReference; explicitFileType = wrapper.cfbundle; includeInIndex = 0; path = ItunesCaseStudyTests.xctest; sourceTree = BUILT_PRODUCTS_DIR; };
		A773196225EEB7C200525B31 /* ItunesCaseStudyTests.swift */ = {isa = PBXFileReference; lastKnownFileType = sourcecode.swift; path = ItunesCaseStudyTests.swift; sourceTree = "<group>"; };
		A773196425EEB7C200525B31 /* Info.plist */ = {isa = PBXFileReference; lastKnownFileType = text.plist.xml; path = Info.plist; sourceTree = "<group>"; };
		A773196925EEB7C200525B31 /* ItunesCaseStudyUITests.xctest */ = {isa = PBXFileReference; explicitFileType = wrapper.cfbundle; includeInIndex = 0; path = ItunesCaseStudyUITests.xctest; sourceTree = BUILT_PRODUCTS_DIR; };
		A773196D25EEB7C200525B31 /* ItunesCaseStudyUITests.swift */ = {isa = PBXFileReference; lastKnownFileType = sourcecode.swift; path = ItunesCaseStudyUITests.swift; sourceTree = "<group>"; };
		A773196F25EEB7C200525B31 /* Info.plist */ = {isa = PBXFileReference; lastKnownFileType = text.plist.xml; path = Info.plist; sourceTree = "<group>"; };
/* End PBXFileReference section */

/* Begin PBXFrameworksBuildPhase section */
		A773194225EEB7C100525B31 /* Frameworks */ = {
			isa = PBXFrameworksBuildPhase;
			buildActionMask = 2147483647;
			files = (
			);
			runOnlyForDeploymentPostprocessing = 0;
		};
		A773195B25EEB7C200525B31 /* Frameworks */ = {
			isa = PBXFrameworksBuildPhase;
			buildActionMask = 2147483647;
			files = (
			);
			runOnlyForDeploymentPostprocessing = 0;
		};
		A773196625EEB7C200525B31 /* Frameworks */ = {
			isa = PBXFrameworksBuildPhase;
			buildActionMask = 2147483647;
			files = (
			);
			runOnlyForDeploymentPostprocessing = 0;
		};
/* End PBXFrameworksBuildPhase section */

/* Begin PBXGroup section */
		A773193C25EEB7C100525B31 = {
			isa = PBXGroup;
			children = (
				A773194725EEB7C100525B31 /* ItunesCaseStudy */,
				A773196125EEB7C200525B31 /* ItunesCaseStudyTests */,
				A773196C25EEB7C200525B31 /* ItunesCaseStudyUITests */,
				A773194625EEB7C100525B31 /* Products */,
			);
			sourceTree = "<group>";
		};
		A773194625EEB7C100525B31 /* Products */ = {
			isa = PBXGroup;
			children = (
				A773194525EEB7C100525B31 /* ItunesCaseStudy.app */,
				A773195E25EEB7C200525B31 /* ItunesCaseStudyTests.xctest */,
				A773196925EEB7C200525B31 /* ItunesCaseStudyUITests.xctest */,
			);
			name = Products;
			sourceTree = "<group>";
		};
		A773194725EEB7C100525B31 /* ItunesCaseStudy */ = {
			isa = PBXGroup;
			children = (
				A773194825EEB7C100525B31 /* AppDelegate.swift */,
				A773194A25EEB7C100525B31 /* SceneDelegate.swift */,
				A773194C25EEB7C100525B31 /* ViewController.swift */,
				A773194E25EEB7C100525B31 /* Main.storyboard */,
				A773195425EEB7C200525B31 /* Assets.xcassets */,
				A773195625EEB7C200525B31 /* LaunchScreen.storyboard */,
				A773195925EEB7C200525B31 /* Info.plist */,
				A773195125EEB7C100525B31 /* ItunesCaseStudy.xcdatamodeld */,
			);
			path = ItunesCaseStudy;
			sourceTree = "<group>";
		};
		A773196125EEB7C200525B31 /* ItunesCaseStudyTests */ = {
			isa = PBXGroup;
			children = (
				A773196225EEB7C200525B31 /* ItunesCaseStudyTests.swift */,
				A773196425EEB7C200525B31 /* Info.plist */,
			);
			path = ItunesCaseStudyTests;
			sourceTree = "<group>";
		};
		A773196C25EEB7C200525B31 /* ItunesCaseStudyUITests */ = {
			isa = PBXGroup;
			children = (
				A773196D25EEB7C200525B31 /* ItunesCaseStudyUITests.swift */,
				A773196F25EEB7C200525B31 /* Info.plist */,
			);
			path = ItunesCaseStudyUITests;
			sourceTree = "<group>";
		};
/* End PBXGroup section */

/* Begin PBXNativeTarget section */
		A773194425EEB7C100525B31 /* ItunesCaseStudy */ = {
			isa = PBXNativeTarget;
			buildConfigurationList = A773197225EEB7C200525B31 /* Build configuration list for PBXNativeTarget "ItunesCaseStudy" */;
			buildPhases = (
				A773194125EEB7C100525B31 /* Sources */,
				A773194225EEB7C100525B31 /* Frameworks */,
				A773194325EEB7C100525B31 /* Resources */,
			);
			buildRules = (
			);
			dependencies = (
			);
			name = ItunesCaseStudy;
			productName = ItunesCaseStudy;
			productReference = A773194525EEB7C100525B31 /* ItunesCaseStudy.app */;
			productType = "com.apple.product-type.application";
		};
		A773195D25EEB7C200525B31 /* ItunesCaseStudyTests */ = {
			isa = PBXNativeTarget;
			buildConfigurationList = A773197525EEB7C200525B31 /* Build configuration list for PBXNativeTarget "ItunesCaseStudyTests" */;
			buildPhases = (
				A773195A25EEB7C200525B31 /* Sources */,
				A773195B25EEB7C200525B31 /* Frameworks */,
				A773195C25EEB7C200525B31 /* Resources */,
			);
			buildRules = (
			);
			dependencies = (
				A773196025EEB7C200525B31 /* PBXTargetDependency */,
			);
			name = ItunesCaseStudyTests;
			productName = ItunesCaseStudyTests;
			productReference = A773195E25EEB7C200525B31 /* ItunesCaseStudyTests.xctest */;
			productType = "com.apple.product-type.bundle.unit-test";
		};
		A773196825EEB7C200525B31 /* ItunesCaseStudyUITests */ = {
			isa = PBXNativeTarget;
			buildConfigurationList = A773197825EEB7C200525B31 /* Build configuration list for PBXNativeTarget "ItunesCaseStudyUITests" */;
			buildPhases = (
				A773196525EEB7C200525B31 /* Sources */,
				A773196625EEB7C200525B31 /* Frameworks */,
				A773196725EEB7C200525B31 /* Resources */,
			);
			buildRules = (
			);
			dependencies = (
				A773196B25EEB7C200525B31 /* PBXTargetDependency */,
			);
			name = ItunesCaseStudyUITests;
			productName = ItunesCaseStudyUITests;
			productReference = A773196925EEB7C200525B31 /* ItunesCaseStudyUITests.xctest */;
			productType = "com.apple.product-type.bundle.ui-testing";
		};
/* End PBXNativeTarget section */

/* Begin PBXProject section */
		A773193D25EEB7C100525B31 /* Project object */ = {
			isa = PBXProject;
			attributes = {
				LastSwiftUpdateCheck = 1240;
				LastUpgradeCheck = 1240;
				TargetAttributes = {
					A773194425EEB7C100525B31 = {
						CreatedOnToolsVersion = 12.4;
					};
					A773195D25EEB7C200525B31 = {
						CreatedOnToolsVersion = 12.4;
						TestTargetID = A773194425EEB7C100525B31;
					};
					A773196825EEB7C200525B31 = {
						CreatedOnToolsVersion = 12.4;
						TestTargetID = A773194425EEB7C100525B31;
					};
				};
			};
			buildConfigurationList = A773194025EEB7C100525B31 /* Build configuration list for PBXProject "ItunesCaseStudy" */;
			compatibilityVersion = "Xcode 9.3";
			developmentRegion = en;
			hasScannedForEncodings = 0;
			knownRegions = (
				en,
				Base,
			);
			mainGroup = A773193C25EEB7C100525B31;
			productRefGroup = A773194625EEB7C100525B31 /* Products */;
			projectDirPath = "";
			projectRoot = "";
			targets = (
				A773194425EEB7C100525B31 /* ItunesCaseStudy */,
				A773195D25EEB7C200525B31 /* ItunesCaseStudyTests */,
				A773196825EEB7C200525B31 /* ItunesCaseStudyUITests */,
			);
		};
/* End PBXProject section */

/* Begin PBXResourcesBuildPhase section */
		A773194325EEB7C100525B31 /* Resources */ = {
			isa = PBXResourcesBuildPhase;
			buildActionMask = 2147483647;
			files = (
				A773195825EEB7C200525B31 /* LaunchScreen.storyboard in Resources */,
				A773195525EEB7C200525B31 /* Assets.xcassets in Resources */,
				A773195025EEB7C100525B31 /* Main.storyboard in Resources */,
			);
			runOnlyForDeploymentPostprocessing = 0;
		};
		A773195C25EEB7C200525B31 /* Resources */ = {
			isa = PBXResourcesBuildPhase;
			buildActionMask = 2147483647;
			files = (
			);
			runOnlyForDeploymentPostprocessing = 0;
		};
		A773196725EEB7C200525B31 /* Resources */ = {
			isa = PBXResourcesBuildPhase;
			buildActionMask = 2147483647;
			files = (
			);
			runOnlyForDeploymentPostprocessing = 0;
		};
/* End PBXResourcesBuildPhase section */

/* Begin PBXSourcesBuildPhase section */
		A773194125EEB7C100525B31 /* Sources */ = {
			isa = PBXSourcesBuildPhase;
			buildActionMask = 2147483647;
			files = (
				A773194D25EEB7C100525B31 /* ViewController.swift in Sources */,
				A773195325EEB7C100525B31 /* ItunesCaseStudy.xcdatamodeld in Sources */,
				A773194925EEB7C100525B31 /* AppDelegate.swift in Sources */,
				A773194B25EEB7C100525B31 /* SceneDelegate.swift in Sources */,
			);
			runOnlyForDeploymentPostprocessing = 0;
		};
		A773195A25EEB7C200525B31 /* Sources */ = {
			isa = PBXSourcesBuildPhase;
			buildActionMask = 2147483647;
			files = (
				A773196325EEB7C200525B31 /* ItunesCaseStudyTests.swift in Sources */,
			);
			runOnlyForDeploymentPostprocessing = 0;
		};
		A773196525EEB7C200525B31 /* Sources */ = {
			isa = PBXSourcesBuildPhase;
			buildActionMask = 2147483647;
			files = (
				A773196E25EEB7C200525B31 /* ItunesCaseStudyUITests.swift in Sources */,
			);
			runOnlyForDeploymentPostprocessing = 0;
		};
/* End PBXSourcesBuildPhase section */

/* Begin PBXTargetDependency section */
		A773196025EEB7C200525B31 /* PBXTargetDependency */ = {
			isa = PBXTargetDependency;
			target = A773194425EEB7C100525B31 /* ItunesCaseStudy */;
			targetProxy = A773195F25EEB7C200525B31 /* PBXContainerItemProxy */;
		};
		A773196B25EEB7C200525B31 /* PBXTargetDependency */ = {
			isa = PBXTargetDependency;
			target = A773194425EEB7C100525B31 /* ItunesCaseStudy */;
			targetProxy = A773196A25EEB7C200525B31 /* PBXContainerItemProxy */;
		};
/* End PBXTargetDependency section */

/* Begin PBXVariantGroup section */
		A773194E25EEB7C100525B31 /* Main.storyboard */ = {
			isa = PBXVariantGroup;
			children = (
				A773194F25EEB7C100525B31 /* Base */,
			);
			name = Main.storyboard;
			sourceTree = "<group>";
		};
		A773195625EEB7C200525B31 /* LaunchScreen.storyboard */ = {
			isa = PBXVariantGroup;
			children = (
				A773195725EEB7C200525B31 /* Base */,
			);
			name = LaunchScreen.storyboard;
			sourceTree = "<group>";
		};
/* End PBXVariantGroup section */

/* Begin XCBuildConfiguration section */
		A773197025EEB7C200525B31 /* Debug */ = {
			isa = XCBuildConfiguration;
			buildSettings = {
				ALWAYS_SEARCH_USER_PATHS = NO;
				CLANG_ANALYZER_NONNULL = YES;
				CLANG_ANALYZER_NUMBER_OBJECT_CONVERSION = YES_AGGRESSIVE;
				CLANG_CXX_LANGUAGE_STANDARD = "gnu++14";
				CLANG_CXX_LIBRARY = "libc++";
				CLANG_ENABLE_MODULES = YES;
				CLANG_ENABLE_OBJC_ARC = YES;
				CLANG_ENABLE_OBJC_WEAK = YES;
				CLANG_WARN_BLOCK_CAPTURE_AUTORELEASING = YES;
				CLANG_WARN_BOOL_CONVERSION = YES;
				CLANG_WARN_COMMA = YES;
				CLANG_WARN_CONSTANT_CONVERSION = YES;
				CLANG_WARN_DEPRECATED_OBJC_IMPLEMENTATIONS = YES;
				CLANG_WARN_DIRECT_OBJC_ISA_USAGE = YES_ERROR;
				CLANG_WARN_DOCUMENTATION_COMMENTS = YES;
				CLANG_WARN_EMPTY_BODY = YES;
				CLANG_WARN_ENUM_CONVERSION = YES;
				CLANG_WARN_INFINITE_RECURSION = YES;
				CLANG_WARN_INT_CONVERSION = YES;
				CLANG_WARN_NON_LITERAL_NULL_CONVERSION = YES;
				CLANG_WARN_OBJC_IMPLICIT_RETAIN_SELF = YES;
				CLANG_WARN_OBJC_LITERAL_CONVERSION = YES;
				CLANG_WARN_OBJC_ROOT_CLASS = YES_ERROR;
				CLANG_WARN_QUOTED_INCLUDE_IN_FRAMEWORK_HEADER = YES;
				CLANG_WARN_RANGE_LOOP_ANALYSIS = YES;
				CLANG_WARN_STRICT_PROTOTYPES = YES;
				CLANG_WARN_SUSPICIOUS_MOVE = YES;
				CLANG_WARN_UNGUARDED_AVAILABILITY = YES_AGGRESSIVE;
				CLANG_WARN_UNREACHABLE_CODE = YES;
				CLANG_WARN__DUPLICATE_METHOD_MATCH = YES;
				COPY_PHASE_STRIP = NO;
				DEBUG_INFORMATION_FORMAT = dwarf;
				ENABLE_STRICT_OBJC_MSGSEND = YES;
				ENABLE_TESTABILITY = YES;
				GCC_C_LANGUAGE_STANDARD = gnu11;
				GCC_DYNAMIC_NO_PIC = NO;
				GCC_NO_COMMON_BLOCKS = YES;
				GCC_OPTIMIZATION_LEVEL = 0;
				GCC_PREPROCESSOR_DEFINITIONS = (
					"DEBUG=1",
					"$(inherited)",
				);
				GCC_WARN_64_TO_32_BIT_CONVERSION = YES;
				GCC_WARN_ABOUT_RETURN_TYPE = YES_ERROR;
				GCC_WARN_UNDECLARED_SELECTOR = YES;
				GCC_WARN_UNINITIALIZED_AUTOS = YES_AGGRESSIVE;
				GCC_WARN_UNUSED_FUNCTION = YES;
				GCC_WARN_UNUSED_VARIABLE = YES;
				IPHONEOS_DEPLOYMENT_TARGET = 14.4;
				MTL_ENABLE_DEBUG_INFO = INCLUDE_SOURCE;
				MTL_FAST_MATH = YES;
				ONLY_ACTIVE_ARCH = YES;
				SDKROOT = iphoneos;
				SWIFT_ACTIVE_COMPILATION_CONDITIONS = DEBUG;
				SWIFT_OPTIMIZATION_LEVEL = "-Onone";
			};
			name = Debug;
		};
		A773197125EEB7C200525B31 /* Release */ = {
			isa = XCBuildConfiguration;
			buildSettings = {
				ALWAYS_SEARCH_USER_PATHS = NO;
				CLANG_ANALYZER_NONNULL = YES;
				CLANG_ANALYZER_NUMBER_OBJECT_CONVERSION = YES_AGGRESSIVE;
				CLANG_CXX_LANGUAGE_STANDARD = "gnu++14";
				CLANG_CXX_LIBRARY = "libc++";
				CLANG_ENABLE_MODULES = YES;
				CLANG_ENABLE_OBJC_ARC = YES;
				CLANG_ENABLE_OBJC_WEAK = YES;
				CLANG_WARN_BLOCK_CAPTURE_AUTORELEASING = YES;
				CLANG_WARN_BOOL_CONVERSION = YES;
				CLANG_WARN_COMMA = YES;
				CLANG_WARN_CONSTANT_CONVERSION = YES;
				CLANG_WARN_DEPRECATED_OBJC_IMPLEMENTATIONS = YES;
				CLANG_WARN_DIRECT_OBJC_ISA_USAGE = YES_ERROR;
				CLANG_WARN_DOCUMENTATION_COMMENTS = YES;
				CLANG_WARN_EMPTY_BODY = YES;
				CLANG_WARN_ENUM_CONVERSION = YES;
				CLANG_WARN_INFINITE_RECURSION = YES;
				CLANG_WARN_INT_CONVERSION = YES;
				CLANG_WARN_NON_LITERAL_NULL_CONVERSION = YES;
				CLANG_WARN_OBJC_IMPLICIT_RETAIN_SELF = YES;
				CLANG_WARN_OBJC_LITERAL_CONVERSION = YES;
				CLANG_WARN_OBJC_ROOT_CLASS = YES_ERROR;
				CLANG_WARN_QUOTED_INCLUDE_IN_FRAMEWORK_HEADER = YES;
				CLANG_WARN_RANGE_LOOP_ANALYSIS = YES;
				CLANG_WARN_STRICT_PROTOTYPES = YES;
				CLANG_WARN_SUSPICIOUS_MOVE = YES;
				CLANG_WARN_UNGUARDED_AVAILABILITY = YES_AGGRESSIVE;
				CLANG_WARN_UNREACHABLE_CODE = YES;
				CLANG_WARN__DUPLICATE_METHOD_MATCH = YES;
				COPY_PHASE_STRIP = NO;
				DEBUG_INFORMATION_FORMAT = "dwarf-with-dsym";
				ENABLE_NS_ASSERTIONS = NO;
				ENABLE_STRICT_OBJC_MSGSEND = YES;
				GCC_C_LANGUAGE_STANDARD = gnu11;
				GCC_NO_COMMON_BLOCKS = YES;
				GCC_WARN_64_TO_32_BIT_CONVERSION = YES;
				GCC_WARN_ABOUT_RETURN_TYPE = YES_ERROR;
				GCC_WARN_UNDECLARED_SELECTOR = YES;
				GCC_WARN_UNINITIALIZED_AUTOS = YES_AGGRESSIVE;
				GCC_WARN_UNUSED_FUNCTION = YES;
				GCC_WARN_UNUSED_VARIABLE = YES;
				IPHONEOS_DEPLOYMENT_TARGET = 14.4;
				MTL_ENABLE_DEBUG_INFO = NO;
				MTL_FAST_MATH = YES;
				SDKROOT = iphoneos;
				SWIFT_COMPILATION_MODE = wholemodule;
				SWIFT_OPTIMIZATION_LEVEL = "-O";
				VALIDATE_PRODUCT = YES;
			};
			name = Release;
		};
		A773197325EEB7C200525B31 /* Debug */ = {
			isa = XCBuildConfiguration;
			buildSettings = {
				ASSETCATALOG_COMPILER_APPICON_NAME = AppIcon;
				ASSETCATALOG_COMPILER_GLOBAL_ACCENT_COLOR_NAME = AccentColor;
				CODE_SIGN_STYLE = Automatic;
				DEVELOPMENT_TEAM = ZVL2SV8VV7;
				INFOPLIST_FILE = ItunesCaseStudy/Info.plist;
				LD_RUNPATH_SEARCH_PATHS = (
					"$(inherited)",
					"@executable_path/Frameworks",
				);
				PRODUCT_BUNDLE_IDENTIFIER = com.tukre.ItunesCaseStudy;
				PRODUCT_NAME = "$(TARGET_NAME)";
				SWIFT_VERSION = 5.0;
				TARGETED_DEVICE_FAMILY = "1,2";
			};
			name = Debug;
		};
		A773197425EEB7C200525B31 /* Release */ = {
			isa = XCBuildConfiguration;
			buildSettings = {
				ASSETCATALOG_COMPILER_APPICON_NAME = AppIcon;
				ASSETCATALOG_COMPILER_GLOBAL_ACCENT_COLOR_NAME = AccentColor;
				CODE_SIGN_STYLE = Automatic;
				DEVELOPMENT_TEAM = ZVL2SV8VV7;
				INFOPLIST_FILE = ItunesCaseStudy/Info.plist;
				LD_RUNPATH_SEARCH_PATHS = (
					"$(inherited)",
					"@executable_path/Frameworks",
				);
				PRODUCT_BUNDLE_IDENTIFIER = com.tukre.ItunesCaseStudy;
				PRODUCT_NAME = "$(TARGET_NAME)";
				SWIFT_VERSION = 5.0;
				TARGETED_DEVICE_FAMILY = "1,2";
			};
			name = Release;
		};
		A773197625EEB7C200525B31 /* Debug */ = {
			isa = XCBuildConfiguration;
			buildSettings = {
				ALWAYS_EMBED_SWIFT_STANDARD_LIBRARIES = YES;
				BUNDLE_LOADER = "$(TEST_HOST)";
				CODE_SIGN_STYLE = Automatic;
				DEVELOPMENT_TEAM = ZVL2SV8VV7;
				INFOPLIST_FILE = ItunesCaseStudyTests/Info.plist;
				IPHONEOS_DEPLOYMENT_TARGET = 14.4;
				LD_RUNPATH_SEARCH_PATHS = (
					"$(inherited)",
					"@executable_path/Frameworks",
					"@loader_path/Frameworks",
				);
				PRODUCT_BUNDLE_IDENTIFIER = com.tukre.ItunesCaseStudyTests;
				PRODUCT_NAME = "$(TARGET_NAME)";
				SWIFT_VERSION = 5.0;
				TARGETED_DEVICE_FAMILY = "1,2";
				TEST_HOST = "$(BUILT_PRODUCTS_DIR)/ItunesCaseStudy.app/ItunesCaseStudy";
			};
			name = Debug;
		};
		A773197725EEB7C200525B31 /* Release */ = {
			isa = XCBuildConfiguration;
			buildSettings = {
				ALWAYS_EMBED_SWIFT_STANDARD_LIBRARIES = YES;
				BUNDLE_LOADER = "$(TEST_HOST)";
				CODE_SIGN_STYLE = Automatic;
				DEVELOPMENT_TEAM = ZVL2SV8VV7;
				INFOPLIST_FILE = ItunesCaseStudyTests/Info.plist;
				IPHONEOS_DEPLOYMENT_TARGET = 14.4;
				LD_RUNPATH_SEARCH_PATHS = (
					"$(inherited)",
					"@executable_path/Frameworks",
					"@loader_path/Frameworks",
				);
				PRODUCT_BUNDLE_IDENTIFIER = com.tukre.ItunesCaseStudyTests;
				PRODUCT_NAME = "$(TARGET_NAME)";
				SWIFT_VERSION = 5.0;
				TARGETED_DEVICE_FAMILY = "1,2";
				TEST_HOST = "$(BUILT_PRODUCTS_DIR)/ItunesCaseStudy.app/ItunesCaseStudy";
			};
			name = Release;
		};
		A773197925EEB7C200525B31 /* Debug */ = {
			isa = XCBuildConfiguration;
			buildSettings = {
				ALWAYS_EMBED_SWIFT_STANDARD_LIBRARIES = YES;
				CODE_SIGN_STYLE = Automatic;
				DEVELOPMENT_TEAM = ZVL2SV8VV7;
				INFOPLIST_FILE = ItunesCaseStudyUITests/Info.plist;
				LD_RUNPATH_SEARCH_PATHS = (
					"$(inherited)",
					"@executable_path/Frameworks",
					"@loader_path/Frameworks",
				);
				PRODUCT_BUNDLE_IDENTIFIER = com.tukre.ItunesCaseStudyUITests;
				PRODUCT_NAME = "$(TARGET_NAME)";
				SWIFT_VERSION = 5.0;
				TARGETED_DEVICE_FAMILY = "1,2";
				TEST_TARGET_NAME = ItunesCaseStudy;
			};
			name = Debug;
		};
		A773197A25EEB7C200525B31 /* Release */ = {
			isa = XCBuildConfiguration;
			buildSettings = {
				ALWAYS_EMBED_SWIFT_STANDARD_LIBRARIES = YES;
				CODE_SIGN_STYLE = Automatic;
				DEVELOPMENT_TEAM = ZVL2SV8VV7;
				INFOPLIST_FILE = ItunesCaseStudyUITests/Info.plist;
				LD_RUNPATH_SEARCH_PATHS = (
					"$(inherited)",
					"@executable_path/Frameworks",
					"@loader_path/Frameworks",
				);
				PRODUCT_BUNDLE_IDENTIFIER = com.tukre.ItunesCaseStudyUITests;
				PRODUCT_NAME = "$(TARGET_NAME)";
				SWIFT_VERSION = 5.0;
				TARGETED_DEVICE_FAMILY = "1,2";
				TEST_TARGET_NAME = ItunesCaseStudy;
			};
			name = Release;
		};
/* End XCBuildConfiguration section */

/* Begin XCConfigurationList section */
		A773194025EEB7C100525B31 /* Build configuration list for PBXProject "ItunesCaseStudy" */ = {
			isa = XCConfigurationList;
			buildConfigurations = (
				A773197025EEB7C200525B31 /* Debug */,
				A773197125EEB7C200525B31 /* Release */,
			);
			defaultConfigurationIsVisible = 0;
			defaultConfigurationName = Release;
		};
		A773197225EEB7C200525B31 /* Build configuration list for PBXNativeTarget "ItunesCaseStudy" */ = {
			isa = XCConfigurationList;
			buildConfigurations = (
				A773197325EEB7C200525B31 /* Debug */,
				A773197425EEB7C200525B31 /* Release */,
			);
			defaultConfigurationIsVisible = 0;
			defaultConfigurationName = Release;
		};
		A773197525EEB7C200525B31 /* Build configuration list for PBXNativeTarget "ItunesCaseStudyTests" */ = {
			isa = XCConfigurationList;
			buildConfigurations = (
				A773197625EEB7C200525B31 /* Debug */,
				A773197725EEB7C200525B31 /* Release */,
			);
			defaultConfigurationIsVisible = 0;
			defaultConfigurationName = Release;
		};
		A773197825EEB7C200525B31 /* Build configuration list for PBXNativeTarget "ItunesCaseStudyUITests" */ = {
			isa = XCConfigurationList;
			buildConfigurations = (
				A773197925EEB7C200525B31 /* Debug */,
				A773197A25EEB7C200525B31 /* Release */,
			);
			defaultConfigurationIsVisible = 0;
			defaultConfigurationName = Release;
		};
/* End XCConfigurationList section */

/* Begin XCVersionGroup section */
		A773195125EEB7C100525B31 /* ItunesCaseStudy.xcdatamodeld */ = {
			isa = XCVersionGroup;
			children = (
				A773195225EEB7C100525B31 /* ItunesCaseStudy.xcdatamodel */,
			);
			currentVersion = A773195225EEB7C100525B31 /* ItunesCaseStudy.xcdatamodel */;
			path = ItunesCaseStudy.xcdatamodeld;
			sourceTree = "<group>";
			versionGroupType = wrapper.xcdatamodel;
		};
/* End XCVersionGroup section */
	};
	rootObject = A773193D25EEB7C100525B31 /* Project object */;
}
